// !$*UTF8*$!
{
	archiveVersion = 1;
	classes = {};
	objectVersion = 56;
	objects = {

/* Begin PBXBuildFile section */
		A100000000000000000001 = {isa = PBXBuildFile; fileRef = B100000000000000000001; };
		A100000000000000000002 = {isa = PBXBuildFile; fileRef = B100000000000000000002; };
		A100000000000000000003 = {isa = PBXBuildFile; fileRef = B100000000000000000003; };
		A100000000000000000004 = {isa = PBXBuildFile; fileRef = B100000000000000000004; };
		A100000000000000000005 = {isa = PBXBuildFile; fileRef = B100000000000000000005; };
		A100000000000000000006 = {isa = PBXBuildFile; fileRef = B100000000000000000006; };
		A100000000000000000007 = {isa = PBXBuildFile; fileRef = B100000000000000000007; };
		A100000000000000000008 = {isa = PBXBuildFile; fileRef = B100000000000000000008; };
		A100000000000000000009 = {isa = PBXBuildFile; fileRef = B100000000000000000009; };
		A10000000000000000000A = {isa = PBXBuildFile; fileRef = B10000000000000000000A; };
/* End PBXBuildFile section */

/* Begin PBXFileReference section */
		B100000000000000000001 = {isa = PBXFileReference; lastKnownFileType = sourcecode.swift; path = "HNReaderApp.swift"; sourceTree = "<group>"; };
		B100000000000000000002 = {isa = PBXFileReference; lastKnownFileType = sourcecode.swift; path = "AppState.swift"; sourceTree = "<group>"; };
		B100000000000000000003 = {isa = PBXFileReference; lastKnownFileType = sourcecode.swift; path = "HNClient.swift"; sourceTree = "<group>"; };
		B100000000000000000004 = {isa = PBXFileReference; lastKnownFileType = sourcecode.swift; path = "Models.swift"; sourceTree = "<group>"; };
		B100000000000000000005 = {isa = PBXFileReference; lastKnownFileType = sourcecode.swift; path = "ContentView.swift"; sourceTree = "<group>"; };
		B100000000000000000006 = {isa = PBXFileReference; lastKnownFileType = sourcecode.swift; path = "StoryRowView.swift"; sourceTree = "<group>"; };
		B100000000000000000007 = {isa = PBXFileReference; lastKnownFileType = sourcecode.swift; path = "UnreadDivider.swift"; sourceTree = "<group>"; };
		B100000000000000000008 = {isa = PBXFileReference; lastKnownFileType = sourcecode.swift; path = "Helpers.swift"; sourceTree = "<group>"; };
		B100000000000000000009 = {isa = PBXFileReference; lastKnownFileType = folder.assetcatalog; path = "Assets.xcassets"; sourceTree = "<group>"; };
		B10000000000000000000A = {isa = PBXFileReference; lastKnownFileType = sourcecode.swift; path = "SettingsView.swift"; sourceTree = "<group>"; };
		C100000000000000000001 = {isa = PBXFileReference; explicitFileType = wrapper.application; includeInIndex = 0; path = HNReader.app; sourceTree = BUILT_PRODUCTS_DIR; };
/* End PBXFileReference section */

/* Begin PBXFrameworksBuildPhase section */
		D100000000000000000001 = {isa = PBXFrameworksBuildPhase; buildActionMask = 2147483647; files = (); runOnlyForDeploymentPostprocessing = 0; };
/* End PBXFrameworksBuildPhase section */

/* Begin PBXResourcesBuildPhase section */
		D100000000000000000003 = {isa = PBXResourcesBuildPhase; buildActionMask = 2147483647; files = (A100000000000000000009); runOnlyForDeploymentPostprocessing = 0; };
/* End PBXResourcesBuildPhase section */

/* Begin PBXGroup section */
		E100000000000000000001 = {isa = PBXGroup; children = (E100000000000000000002, E100000000000000000004); sourceTree = "<group>"; };
		E100000000000000000002 = {isa = PBXGroup; children = (B100000000000000000001, B100000000000000000002, B100000000000000000003, B100000000000000000004, B100000000000000000009, E100000000000000000003); path = HNReader; sourceTree = "<group>"; };
		E100000000000000000003 = {isa = PBXGroup; children = (B100000000000000000005, B100000000000000000006, B100000000000000000007, B100000000000000000008, B10000000000000000000A); path = Views; sourceTree = "<group>"; };
		E100000000000000000004 = {isa = PBXGroup; children = (C100000000000000000001); name = Products; sourceTree = "<group>"; };
/* End PBXGroup section */

/* Begin PBXNativeTarget section */
		F100000000000000000001 = {isa = PBXNativeTarget; buildConfigurationList = F400000000000000000002; buildPhases = (D100000000000000000002, D100000000000000000001, D100000000000000000003); buildRules = (); dependencies = (); name = HNReader; productName = HNReader; productReference = C100000000000000000001; productType = "com.apple.product-type.application"; };
/* End PBXNativeTarget section */

/* Begin PBXProject section */
		F200000000000000000001 = {isa = PBXProject; buildConfigurationList = F400000000000000000001; compatibilityVersion = "Xcode 14.0"; developmentRegion = en; hasScannedForEncodings = 0; knownRegions = (en, Base); mainGroup = E100000000000000000001; productRefGroup = E100000000000000000004; projectDirPath = ""; projectRoot = ""; targets = (F100000000000000000001); };
/* End PBXProject section */

/* Begin PBXSourcesBuildPhase section */
		D100000000000000000002 = {isa = PBXSourcesBuildPhase; buildActionMask = 2147483647; files = (A100000000000000000001, A100000000000000000002, A100000000000000000003, A100000000000000000004, A100000000000000000005, A100000000000000000006, A100000000000000000007, A100000000000000000008, A10000000000000000000A); runOnlyForDeploymentPostprocessing = 0; };
/* End PBXSourcesBuildPhase section */

/* Begin XCBuildConfiguration section */
		F300000000000000000001 = {isa = XCBuildConfiguration; buildSettings = {ALWAYS_SEARCH_USER_PATHS = NO; CLANG_ENABLE_MODULES = YES; COPY_PHASE_STRIP = NO; DEBUG_INFORMATION_FORMAT = dwarf; GCC_OPTIMIZATION_LEVEL = 0; ONLY_ACTIVE_ARCH = YES; SWIFT_ACTIVE_COMPILATION_CONDITIONS = "$(inherited) DEBUG"; SWIFT_OPTIMIZATION_LEVEL = "-Onone"; MACOSX_DEPLOYMENT_TARGET = 15.0; SDKROOT = macosx; SWIFT_VERSION = 6.0; }; name = Debug; };
		F300000000000000000002 = {isa = XCBuildConfiguration; buildSettings = {ALWAYS_SEARCH_USER_PATHS = NO; CLANG_ENABLE_MODULES = YES; COPY_PHASE_STRIP = NO; DEBUG_INFORMATION_FORMAT = "dwarf-with-dsym"; SWIFT_OPTIMIZATION_LEVEL = "-O"; MACOSX_DEPLOYMENT_TARGET = 15.0; SDKROOT = macosx; SWIFT_VERSION = 6.0; }; name = Release; };
		F300000000000000000003 = {isa = XCBuildConfiguration; buildSettings = {ASSETCATALOG_COMPILER_APPICON_NAME = AppIcon; COMBINE_HIDPI_IMAGES = YES; CURRENT_PROJECT_VERSION = 1; GENERATE_INFOPLIST_FILE = YES; INFOPLIST_KEY_NSHumanReadableCopyright = ""; LD_RUNPATH_SEARCH_PATHS = "$(inherited) @executable_path/../Frameworks"; MARKETING_VERSION = 1.0; PRODUCT_BUNDLE_IDENTIFIER = com.tbeseda.HNReader; PRODUCT_NAME = "$(TARGET_NAME)"; SWIFT_EMIT_LOC_STRINGS = YES; SWIFT_VERSION = 6.0; }; name = Debug; };
		F300000000000000000004 = {isa = XCBuildConfiguration; buildSettings = {ASSETCATALOG_COMPILER_APPICON_NAME = AppIcon; COMBINE_HIDPI_IMAGES = YES; CURRENT_PROJECT_VERSION = 1; GENERATE_INFOPLIST_FILE = YES; INFOPLIST_KEY_NSHumanReadableCopyright = ""; LD_RUNPATH_SEARCH_PATHS = "$(inherited) @executable_path/../Frameworks"; MARKETING_VERSION = 1.0; PRODUCT_BUNDLE_IDENTIFIER = com.tbeseda.HNReader; PRODUCT_NAME = "$(TARGET_NAME)"; SWIFT_EMIT_LOC_STRINGS = YES; SWIFT_VERSION = 6.0; }; name = Release; };
/* End XCBuildConfiguration section */

/* Begin XCConfigurationList section */
		F400000000000000000001 = {isa = XCConfigurationList; buildConfigurations = (F300000000000000000001, F300000000000000000002); defaultConfigurationIsVisible = 0; defaultConfigurationName = Release; };
		F400000000000000000002 = {isa = XCConfigurationList; buildConfigurations = (F300000000000000000003, F300000000000000000004); defaultConfigurationIsVisible = 0; defaultConfigurationName = Release; };
/* End XCConfigurationList section */

	};
	rootObject = F200000000000000000001;
}
